
Microsoft Visual Studio Solution File, Format Version 12.00
# Visual Studio 15
VisualStudioVersion = 15.0.25807.0
MinimumVisualStudioVersion = 10.0.40219.1
Project("{2150E333-8FDC-42A3-9474-1A3956D46DE8}") = "Engine", "Engine", "{0046B256-4BD4-4AF9-A3D7-163641BB74A3}"
EndProject
Project("{2150E333-8FDC-42A3-9474-1A3956D46DE8}") = "Games", "Games", "{A9B66ECA-6392-481C-A011-88B7B75812DD}"
EndProject
Project("{8BC9CEB8-8B4A-11D0-8D11-00A0C91BC942}") = "UE4", "Intermediate\ProjectFiles\UE4.vcxproj", "{87AE7E2B-C2A5-43F5-9655-DDA085CE610B}"
EndProject
Project("{8BC9CEB8-8B4A-11D0-8D11-00A0C91BC942}") = "ArenaBattle", "Intermediate\ProjectFiles\ArenaBattle.vcxproj", "{AAE72392-79A1-4DEF-A301-AC7C7773DBFF}"
EndProject
Global
	GlobalSection(SolutionConfigurationPlatforms) = preSolution
		DebugGame Editor|HTML5 = DebugGame Editor|HTML5
		DebugGame Editor|Win32 = DebugGame Editor|Win32
		DebugGame Editor|Win64 = DebugGame Editor|Win64
		DebugGame|HTML5 = DebugGame|HTML5
		DebugGame|Win32 = DebugGame|Win32
		DebugGame|Win64 = DebugGame|Win64
		Development Editor|HTML5 = Development Editor|HTML5
		Development Editor|Win32 = Development Editor|Win32
		Development Editor|Win64 = Development Editor|Win64
		Development|HTML5 = Development|HTML5
		Development|Win32 = Development|Win32
		Development|Win64 = Development|Win64
		Shipping|HTML5 = Shipping|HTML5
		Shipping|Win32 = Shipping|Win32
		Shipping|Win64 = Shipping|Win64
	EndGlobalSection
	GlobalSection(ProjectConfigurationPlatforms) = postSolution
		{87AE7E2B-C2A5-43F5-9655-DDA085CE610B}.DebugGame Editor|HTML5.ActiveCfg = BuiltWithUnrealBuildTool|Win32
		{87AE7E2B-C2A5-43F5-9655-DDA085CE610B}.DebugGame Editor|HTML5.Build.0 = BuiltWithUnrealBuildTool|Win32
		{87AE7E2B-C2A5-43F5-9655-DDA085CE610B}.DebugGame Editor|Win32.ActiveCfg = BuiltWithUnrealBuildTool|Win32
		{87AE7E2B-C2A5-43F5-9655-DDA085CE610B}.DebugGame Editor|Win32.Build.0 = BuiltWithUnrealBuildTool|Win32
		{87AE7E2B-C2A5-43F5-9655-DDA085CE610B}.DebugGame Editor|Win64.ActiveCfg = BuiltWithUnrealBuildTool|Win32
		{87AE7E2B-C2A5-43F5-9655-DDA085CE610B}.DebugGame Editor|Win64.Build.0 = BuiltWithUnrealBuildTool|Win32
		{87AE7E2B-C2A5-43F5-9655-DDA085CE610B}.DebugGame|HTML5.ActiveCfg = BuiltWithUnrealBuildTool|Win32
		{87AE7E2B-C2A5-43F5-9655-DDA085CE610B}.DebugGame|HTML5.Build.0 = BuiltWithUnrealBuildTool|Win32
		{87AE7E2B-C2A5-43F5-9655-DDA085CE610B}.DebugGame|Win32.ActiveCfg = BuiltWithUnrealBuildTool|Win32
		{87AE7E2B-C2A5-43F5-9655-DDA085CE610B}.DebugGame|Win32.Build.0 = BuiltWithUnrealBuildTool|Win32
		{87AE7E2B-C2A5-43F5-9655-DDA085CE610B}.DebugGame|Win64.ActiveCfg = BuiltWithUnrealBuildTool|Win32
		{87AE7E2B-C2A5-43F5-9655-DDA085CE610B}.DebugGame|Win64.Build.0 = BuiltWithUnrealBuildTool|Win32
		{87AE7E2B-C2A5-43F5-9655-DDA085CE610B}.Development Editor|HTML5.ActiveCfg = BuiltWithUnrealBuildTool|Win32
		{87AE7E2B-C2A5-43F5-9655-DDA085CE610B}.Development Editor|HTML5.Build.0 = BuiltWithUnrealBuildTool|Win32
		{87AE7E2B-C2A5-43F5-9655-DDA085CE610B}.Development Editor|Win32.ActiveCfg = BuiltWithUnrealBuildTool|Win32
		{87AE7E2B-C2A5-43F5-9655-DDA085CE610B}.Development Editor|Win32.Build.0 = BuiltWithUnrealBuildTool|Win32
		{87AE7E2B-C2A5-43F5-9655-DDA085CE610B}.Development Editor|Win64.ActiveCfg = BuiltWithUnrealBuildTool|Win32
		{87AE7E2B-C2A5-43F5-9655-DDA085CE610B}.Development Editor|Win64.Build.0 = BuiltWithUnrealBuildTool|Win32
		{87AE7E2B-C2A5-43F5-9655-DDA085CE610B}.Development|HTML5.ActiveCfg = BuiltWithUnrealBuildTool|Win32
		{87AE7E2B-C2A5-43F5-9655-DDA085CE610B}.Development|HTML5.Build.0 = BuiltWithUnrealBuildTool|Win32
		{87AE7E2B-C2A5-43F5-9655-DDA085CE610B}.Development|Win32.ActiveCfg = BuiltWithUnrealBuildTool|Win32
		{87AE7E2B-C2A5-43F5-9655-DDA085CE610B}.Development|Win32.Build.0 = BuiltWithUnrealBuildTool|Win32
		{87AE7E2B-C2A5-43F5-9655-DDA085CE610B}.Development|Win64.ActiveCfg = BuiltWithUnrealBuildTool|Win32
		{87AE7E2B-C2A5-43F5-9655-DDA085CE610B}.Development|Win64.Build.0 = BuiltWithUnrealBuildTool|Win32
		{87AE7E2B-C2A5-43F5-9655-DDA085CE610B}.Shipping|HTML5.ActiveCfg = BuiltWithUnrealBuildTool|Win32
		{87AE7E2B-C2A5-43F5-9655-DDA085CE610B}.Shipping|HTML5.Build.0 = BuiltWithUnrealBuildTool|Win32
		{87AE7E2B-C2A5-43F5-9655-DDA085CE610B}.Shipping|Win32.ActiveCfg = BuiltWithUnrealBuildTool|Win32
		{87AE7E2B-C2A5-43F5-9655-DDA085CE610B}.Shipping|Win32.Build.0 = BuiltWithUnrealBuildTool|Win32
		{87AE7E2B-C2A5-43F5-9655-DDA085CE610B}.Shipping|Win64.ActiveCfg = BuiltWithUnrealBuildTool|Win32
		{87AE7E2B-C2A5-43F5-9655-DDA085CE610B}.Shipping|Win64.Build.0 = BuiltWithUnrealBuildTool|Win32
		{AAE72392-79A1-4DEF-A301-AC7C7773DBFF}.DebugGame Editor|HTML5.ActiveCfg = HTML5_DebugGame_Editor|Win32
		{AAE72392-79A1-4DEF-A301-AC7C7773DBFF}.DebugGame Editor|Win32.ActiveCfg = DebugGame_Editor|Win32
		{AAE72392-79A1-4DEF-A301-AC7C7773DBFF}.DebugGame Editor|Win64.ActiveCfg = DebugGame_Editor|x64
		{AAE72392-79A1-4DEF-A301-AC7C7773DBFF}.DebugGame Editor|Win64.Build.0 = DebugGame_Editor|x64
		{AAE72392-79A1-4DEF-A301-AC7C7773DBFF}.DebugGame|HTML5.ActiveCfg = HTML5_DebugGame_Game|Win32
		{AAE72392-79A1-4DEF-A301-AC7C7773DBFF}.DebugGame|HTML5.Build.0 = HTML5_DebugGame_Game|Win32
		{AAE72392-79A1-4DEF-A301-AC7C7773DBFF}.DebugGame|Win32.ActiveCfg = DebugGame_Game|Win32
		{AAE72392-79A1-4DEF-A301-AC7C7773DBFF}.DebugGame|Win32.Build.0 = DebugGame_Game|Win32
		{AAE72392-79A1-4DEF-A301-AC7C7773DBFF}.DebugGame|Win64.ActiveCfg = DebugGame_Game|x64
		{AAE72392-79A1-4DEF-A301-AC7C7773DBFF}.DebugGame|Win64.Build.0 = DebugGame_Game|x64
		{AAE72392-79A1-4DEF-A301-AC7C7773DBFF}.Development Editor|HTML5.ActiveCfg = HTML5_Development_Editor|Win32
		{AAE72392-79A1-4DEF-A301-AC7C7773DBFF}.Development Editor|Win32.ActiveCfg = Development_Editor|Win32
		{AAE72392-79A1-4DEF-A301-AC7C7773DBFF}.Development Editor|Win64.ActiveCfg = Development_Editor|x64
		{AAE72392-79A1-4DEF-A301-AC7C7773DBFF}.Development Editor|Win64.Build.0 = Development_Editor|x64
		{AAE72392-79A1-4DEF-A301-AC7C7773DBFF}.Development|HTML5.ActiveCfg = HTML5_Development_Game|Win32
		{AAE72392-79A1-4DEF-A301-AC7C7773DBFF}.Development|HTML5.Build.0 = HTML5_Development_Game|Win32
		{AAE72392-79A1-4DEF-A301-AC7C7773DBFF}.Development|Win32.ActiveCfg = Development_Game|Win32
		{AAE72392-79A1-4DEF-A301-AC7C7773DBFF}.Development|Win32.Build.0 = Development_Game|Win32
		{AAE72392-79A1-4DEF-A301-AC7C7773DBFF}.Development|Win64.ActiveCfg = Development_Game|x64
		{AAE72392-79A1-4DEF-A301-AC7C7773DBFF}.Development|Win64.Build.0 = Development_Game|x64
		{AAE72392-79A1-4DEF-A301-AC7C7773DBFF}.Shipping|HTML5.ActiveCfg = HTML5_Shipping_Game|Win32
		{AAE72392-79A1-4DEF-A301-AC7C7773DBFF}.Shipping|HTML5.Build.0 = HTML5_Shipping_Game|Win32
		{AAE72392-79A1-4DEF-A301-AC7C7773DBFF}.Shipping|Win32.ActiveCfg = Shipping_Game|Win32
		{AAE72392-79A1-4DEF-A301-AC7C7773DBFF}.Shipping|Win32.Build.0 = Shipping_Game|Win32
		{AAE72392-79A1-4DEF-A301-AC7C7773DBFF}.Shipping|Win64.ActiveCfg = Shipping_Game|x64
		{AAE72392-79A1-4DEF-A301-AC7C7773DBFF}.Shipping|Win64.Build.0 = Shipping_Game|x64
	EndGlobalSection
	GlobalSection(SolutionProperties) = preSolution
		HideSolutionNode = FALSE
	EndGlobalSection
	GlobalSection(NestedProjects) = preSolution
		{87AE7E2B-C2A5-43F5-9655-DDA085CE610B} = {0046B256-4BD4-4AF9-A3D7-163641BB74A3}
		{AAE72392-79A1-4DEF-A301-AC7C7773DBFF} = {A9B66ECA-6392-481C-A011-88B7B75812DD}
	EndGlobalSection
	GlobalSection(ExtensibilityGlobals) = postSolution
		SolutionGuid = {1D620791-54AA-431B-8133-E9B166114960}
	EndGlobalSection
EndGlobal
