
Microsoft Visual Studio Solution File, Format Version 12.00
# Visual Studio 15
VisualStudioVersion = 15.0.25807.0
MinimumVisualStudioVersion = 10.0.40219.1
Project("{2150E333-8FDC-42A3-9474-1A3956D46DE8}") = "Engine", "Engine", "{CF87B6F4-E2DA-4141-A95E-7562126C6494}"
EndProject
Project("{2150E333-8FDC-42A3-9474-1A3956D46DE8}") = "Games", "Games", "{DA4D9AB8-4B77-40AF-BA0A-C12BD46E00F7}"
EndProject
Project("{8BC9CEB8-8B4A-11D0-8D11-00A0C91BC942}") = "UE4", "Intermediate\ProjectFiles\UE4.vcxproj", "{1E6B5471-A67A-4D37-8C29-AF04FD5222A2}"
EndProject
Project("{8BC9CEB8-8B4A-11D0-8D11-00A0C91BC942}") = "ArenaBattle", "Intermediate\ProjectFiles\ArenaBattle.vcxproj", "{C683785F-EA19-4F79-AA18-604D2B9CB104}"
EndProject
Global
	GlobalSection(SolutionConfigurationPlatforms) = preSolution
		DebugGame Editor|HTML5 = DebugGame Editor|HTML5
		DebugGame Editor|Win32 = DebugGame Editor|Win32
		DebugGame Editor|Win64 = DebugGame Editor|Win64
		DebugGame|HTML5 = DebugGame|HTML5
		DebugGame|Win32 = DebugGame|Win32
		DebugGame|Win64 = DebugGame|Win64
		Development Editor|HTML5 = Development Editor|HTML5
		Development Editor|Win32 = Development Editor|Win32
		Development Editor|Win64 = Development Editor|Win64
		Development|HTML5 = Development|HTML5
		Development|Win32 = Development|Win32
		Development|Win64 = Development|Win64
		Shipping|HTML5 = Shipping|HTML5
		Shipping|Win32 = Shipping|Win32
		Shipping|Win64 = Shipping|Win64
	EndGlobalSection
	GlobalSection(ProjectConfigurationPlatforms) = postSolution
		{1E6B5471-A67A-4D37-8C29-AF04FD5222A2}.DebugGame Editor|HTML5.ActiveCfg = BuiltWithUnrealBuildTool|Win32
		{1E6B5471-A67A-4D37-8C29-AF04FD5222A2}.DebugGame Editor|HTML5.Build.0 = BuiltWithUnrealBuildTool|Win32
		{1E6B5471-A67A-4D37-8C29-AF04FD5222A2}.DebugGame Editor|Win32.ActiveCfg = BuiltWithUnrealBuildTool|Win32
		{1E6B5471-A67A-4D37-8C29-AF04FD5222A2}.DebugGame Editor|Win32.Build.0 = BuiltWithUnrealBuildTool|Win32
		{1E6B5471-A67A-4D37-8C29-AF04FD5222A2}.DebugGame Editor|Win64.ActiveCfg = BuiltWithUnrealBuildTool|Win32
		{1E6B5471-A67A-4D37-8C29-AF04FD5222A2}.DebugGame Editor|Win64.Build.0 = BuiltWithUnrealBuildTool|Win32
		{1E6B5471-A67A-4D37-8C29-AF04FD5222A2}.DebugGame|HTML5.ActiveCfg = BuiltWithUnrealBuildTool|Win32
		{1E6B5471-A67A-4D37-8C29-AF04FD5222A2}.DebugGame|HTML5.Build.0 = BuiltWithUnrealBuildTool|Win32
		{1E6B5471-A67A-4D37-8C29-AF04FD5222A2}.DebugGame|Win32.ActiveCfg = BuiltWithUnrealBuildTool|Win32
		{1E6B5471-A67A-4D37-8C29-AF04FD5222A2}.DebugGame|Win32.Build.0 = BuiltWithUnrealBuildTool|Win32
		{1E6B5471-A67A-4D37-8C29-AF04FD5222A2}.DebugGame|Win64.ActiveCfg = BuiltWithUnrealBuildTool|Win32
		{1E6B5471-A67A-4D37-8C29-AF04FD5222A2}.DebugGame|Win64.Build.0 = BuiltWithUnrealBuildTool|Win32
		{1E6B5471-A67A-4D37-8C29-AF04FD5222A2}.Development Editor|HTML5.ActiveCfg = BuiltWithUnrealBuildTool|Win32
		{1E6B5471-A67A-4D37-8C29-AF04FD5222A2}.Development Editor|HTML5.Build.0 = BuiltWithUnrealBuildTool|Win32
		{1E6B5471-A67A-4D37-8C29-AF04FD5222A2}.Development Editor|Win32.ActiveCfg = BuiltWithUnrealBuildTool|Win32
		{1E6B5471-A67A-4D37-8C29-AF04FD5222A2}.Development Editor|Win32.Build.0 = BuiltWithUnrealBuildTool|Win32
		{1E6B5471-A67A-4D37-8C29-AF04FD5222A2}.Development Editor|Win64.ActiveCfg = BuiltWithUnrealBuildTool|Win32
		{1E6B5471-A67A-4D37-8C29-AF04FD5222A2}.Development Editor|Win64.Build.0 = BuiltWithUnrealBuildTool|Win32
		{1E6B5471-A67A-4D37-8C29-AF04FD5222A2}.Development|HTML5.ActiveCfg = BuiltWithUnrealBuildTool|Win32
		{1E6B5471-A67A-4D37-8C29-AF04FD5222A2}.Development|HTML5.Build.0 = BuiltWithUnrealBuildTool|Win32
		{1E6B5471-A67A-4D37-8C29-AF04FD5222A2}.Development|Win32.ActiveCfg = BuiltWithUnrealBuildTool|Win32
		{1E6B5471-A67A-4D37-8C29-AF04FD5222A2}.Development|Win32.Build.0 = BuiltWithUnrealBuildTool|Win32
		{1E6B5471-A67A-4D37-8C29-AF04FD5222A2}.Development|Win64.ActiveCfg = BuiltWithUnrealBuildTool|Win32
		{1E6B5471-A67A-4D37-8C29-AF04FD5222A2}.Development|Win64.Build.0 = BuiltWithUnrealBuildTool|Win32
		{1E6B5471-A67A-4D37-8C29-AF04FD5222A2}.Shipping|HTML5.ActiveCfg = BuiltWithUnrealBuildTool|Win32
		{1E6B5471-A67A-4D37-8C29-AF04FD5222A2}.Shipping|HTML5.Build.0 = BuiltWithUnrealBuildTool|Win32
		{1E6B5471-A67A-4D37-8C29-AF04FD5222A2}.Shipping|Win32.ActiveCfg = BuiltWithUnrealBuildTool|Win32
		{1E6B5471-A67A-4D37-8C29-AF04FD5222A2}.Shipping|Win32.Build.0 = BuiltWithUnrealBuildTool|Win32
		{1E6B5471-A67A-4D37-8C29-AF04FD5222A2}.Shipping|Win64.ActiveCfg = BuiltWithUnrealBuildTool|Win32
		{1E6B5471-A67A-4D37-8C29-AF04FD5222A2}.Shipping|Win64.Build.0 = BuiltWithUnrealBuildTool|Win32
		{C683785F-EA19-4F79-AA18-604D2B9CB104}.DebugGame Editor|HTML5.ActiveCfg = HTML5_DebugGame_Editor|Win32
		{C683785F-EA19-4F79-AA18-604D2B9CB104}.DebugGame Editor|Win32.ActiveCfg = DebugGame_Editor|Win32
		{C683785F-EA19-4F79-AA18-604D2B9CB104}.DebugGame Editor|Win64.ActiveCfg = DebugGame_Editor|x64
		{C683785F-EA19-4F79-AA18-604D2B9CB104}.DebugGame Editor|Win64.Build.0 = DebugGame_Editor|x64
		{C683785F-EA19-4F79-AA18-604D2B9CB104}.DebugGame|HTML5.ActiveCfg = HTML5_DebugGame_Game|Win32
		{C683785F-EA19-4F79-AA18-604D2B9CB104}.DebugGame|HTML5.Build.0 = HTML5_DebugGame_Game|Win32
		{C683785F-EA19-4F79-AA18-604D2B9CB104}.DebugGame|Win32.ActiveCfg = DebugGame_Game|Win32
		{C683785F-EA19-4F79-AA18-604D2B9CB104}.DebugGame|Win32.Build.0 = DebugGame_Game|Win32
		{C683785F-EA19-4F79-AA18-604D2B9CB104}.DebugGame|Win64.ActiveCfg = DebugGame_Game|x64
		{C683785F-EA19-4F79-AA18-604D2B9CB104}.DebugGame|Win64.Build.0 = DebugGame_Game|x64
		{C683785F-EA19-4F79-AA18-604D2B9CB104}.Development Editor|HTML5.ActiveCfg = HTML5_Development_Editor|Win32
		{C683785F-EA19-4F79-AA18-604D2B9CB104}.Development Editor|Win32.ActiveCfg = Development_Editor|Win32
		{C683785F-EA19-4F79-AA18-604D2B9CB104}.Development Editor|Win64.ActiveCfg = Development_Editor|x64
		{C683785F-EA19-4F79-AA18-604D2B9CB104}.Development Editor|Win64.Build.0 = Development_Editor|x64
		{C683785F-EA19-4F79-AA18-604D2B9CB104}.Development|HTML5.ActiveCfg = HTML5_Development_Game|Win32
		{C683785F-EA19-4F79-AA18-604D2B9CB104}.Development|HTML5.Build.0 = HTML5_Development_Game|Win32
		{C683785F-EA19-4F79-AA18-604D2B9CB104}.Development|Win32.ActiveCfg = Development_Game|Win32
		{C683785F-EA19-4F79-AA18-604D2B9CB104}.Development|Win32.Build.0 = Development_Game|Win32
		{C683785F-EA19-4F79-AA18-604D2B9CB104}.Development|Win64.ActiveCfg = Development_Game|x64
		{C683785F-EA19-4F79-AA18-604D2B9CB104}.Development|Win64.Build.0 = Development_Game|x64
		{C683785F-EA19-4F79-AA18-604D2B9CB104}.Shipping|HTML5.ActiveCfg = HTML5_Shipping_Game|Win32
		{C683785F-EA19-4F79-AA18-604D2B9CB104}.Shipping|HTML5.Build.0 = HTML5_Shipping_Game|Win32
		{C683785F-EA19-4F79-AA18-604D2B9CB104}.Shipping|Win32.ActiveCfg = Shipping_Game|Win32
		{C683785F-EA19-4F79-AA18-604D2B9CB104}.Shipping|Win32.Build.0 = Shipping_Game|Win32
		{C683785F-EA19-4F79-AA18-604D2B9CB104}.Shipping|Win64.ActiveCfg = Shipping_Game|x64
		{C683785F-EA19-4F79-AA18-604D2B9CB104}.Shipping|Win64.Build.0 = Shipping_Game|x64
	EndGlobalSection
	GlobalSection(SolutionProperties) = preSolution
		HideSolutionNode = FALSE
	EndGlobalSection
	GlobalSection(NestedProjects) = preSolution
		{1E6B5471-A67A-4D37-8C29-AF04FD5222A2} = {CF87B6F4-E2DA-4141-A95E-7562126C6494}
		{C683785F-EA19-4F79-AA18-604D2B9CB104} = {DA4D9AB8-4B77-40AF-BA0A-C12BD46E00F7}
	EndGlobalSection
	GlobalSection(ExtensibilityGlobals) = postSolution
		SolutionGuid = {89A8FFBD-D1EF-4864-B1AB-CB14AEC9772D}
	EndGlobalSection
EndGlobal
